
Microsoft Visual Studio Solution File, Format Version 12.00
# Visual Studio 15
Project("{FAE04EC0-301F-11D3-BF4B-00C04F79EFBC}") = "Assembly-CSharp", "Assembly-CSharp.csproj", "{D4AED93D-7C39-056E-9861-288773A04B63}"
EndProject
Project("{FAE04EC0-301F-11D3-BF4B-00C04F79EFBC}") = "Assembly-CSharp-firstpass", "Assembly-CSharp-firstpass.csproj", "{7C23F698-4FDD-24B7-CB75-38B76FF3C2A4}"
EndProject
Project("{FAE04EC0-301F-11D3-BF4B-00C04F79EFBC}") = "Assembly-CSharp-Editor-firstpass", "Assembly-CSharp-Editor-firstpass.csproj", "{5C0CA5C4-6B1E-8C02-08FE-252389069313}"
EndProject
Global
	GlobalSection(SolutionConfigurationPlatforms) = preSolution
		Debug|Any CPU = Debug|Any CPU
		Release|Any CPU = Release|Any CPU
	EndGlobalSection
	GlobalSection(ProjectConfigurationPlatforms) = postSolution
		{D4AED93D-7C39-056E-9861-288773A04B63}.Debug|Any CPU.ActiveCfg = Debug|Any CPU
		{D4AED93D-7C39-056E-9861-288773A04B63}.Debug|Any CPU.Build.0 = Debug|Any CPU
		{D4AED93D-7C39-056E-9861-288773A04B63}.Release|Any CPU.ActiveCfg = Release|Any CPU
		{D4AED93D-7C39-056E-9861-288773A04B63}.Release|Any CPU.Build.0 = Release|Any CPU
		{7C23F698-4FDD-24B7-CB75-38B76FF3C2A4}.Debug|Any CPU.ActiveCfg = Debug|Any CPU
		{7C23F698-4FDD-24B7-CB75-38B76FF3C2A4}.Debug|Any CPU.Build.0 = Debug|Any CPU
		{7C23F698-4FDD-24B7-CB75-38B76FF3C2A4}.Release|Any CPU.ActiveCfg = Release|Any CPU
		{7C23F698-4FDD-24B7-CB75-38B76FF3C2A4}.Release|Any CPU.Build.0 = Release|Any CPU
		{5C0CA5C4-6B1E-8C02-08FE-252389069313}.Debug|Any CPU.ActiveCfg = Debug|Any CPU
		{5C0CA5C4-6B1E-8C02-08FE-252389069313}.Debug|Any CPU.Build.0 = Debug|Any CPU
		{5C0CA5C4-6B1E-8C02-08FE-252389069313}.Release|Any CPU.ActiveCfg = Release|Any CPU
		{5C0CA5C4-6B1E-8C02-08FE-252389069313}.Release|Any CPU.Build.0 = Release|Any CPU
	EndGlobalSection
	GlobalSection(SolutionProperties) = preSolution
		HideSolutionNode = FALSE
	EndGlobalSection
EndGlobal
